// !$*UTF8*$!
{
	archiveVersion = 1;
	classes = {
	};
	objectVersion = 46;
	objects = {

/* Begin PBXBuildFile section */
		F3EDF6DC1D48DF9C00DDB53B /* main.m in Sources */ = {isa = PBXBuildFile; fileRef = F3EDF6DB1D48DF9C00DDB53B /* main.m */; };
		F3EDF6DF1D48DF9D00DDB53B /* AppDelegate.m in Sources */ = {isa = PBXBuildFile; fileRef = F3EDF6DE1D48DF9D00DDB53B /* AppDelegate.m */; };
		F3EDF6E21D48DF9D00DDB53B /* ViewController.m in Sources */ = {isa = PBXBuildFile; fileRef = F3EDF6E11D48DF9D00DDB53B /* ViewController.m */; };
		F3EDF6E51D48DF9D00DDB53B /* Main.storyboard in Resources */ = {isa = PBXBuildFile; fileRef = F3EDF6E31D48DF9D00DDB53B /* Main.storyboard */; };
		F3EDF6E71D48DF9D00DDB53B /* Assets.xcassets in Resources */ = {isa = PBXBuildFile; fileRef = F3EDF6E61D48DF9D00DDB53B /* Assets.xcassets */; };
		F3EDF6EA1D48DF9D00DDB53B /* LaunchScreen.storyboard in Resources */ = {isa = PBXBuildFile; fileRef = F3EDF6E81D48DF9D00DDB53B /* LaunchScreen.storyboard */; };
		F3EDF6F31D48E32D00DDB53B /* UIViewControllerA.m in Sources */ = {isa = PBXBuildFile; fileRef = F3EDF6F21D48E32D00DDB53B /* UIViewControllerA.m */; };
		F3EDF6F61D48E34C00DDB53B /* UIViewControllerB.m in Sources */ = {isa = PBXBuildFile; fileRef = F3EDF6F51D48E34C00DDB53B /* UIViewControllerB.m */; };
		F3EDF6F91D48E35500DDB53B /* UIViewControllerC.m in Sources */ = {isa = PBXBuildFile; fileRef = F3EDF6F81D48E35500DDB53B /* UIViewControllerC.m */; };
/* End PBXBuildFile section */

/* Begin PBXFileReference section */
		F3EDF6D71D48DF9C00DDB53B /* UINavigationSetViewControllersBug.app */ = {isa = PBXFileReference; explicitFileType = wrapper.application; includeInIndex = 0; path = UINavigationSetViewControllersBug.app; sourceTree = BUILT_PRODUCTS_DIR; };
		F3EDF6DB1D48DF9C00DDB53B /* main.m */ = {isa = PBXFileReference; lastKnownFileType = sourcecode.c.objc; path = main.m; sourceTree = "<group>"; };
		F3EDF6DD1D48DF9C00DDB53B /* AppDelegate.h */ = {isa = PBXFileReference; lastKnownFileType = sourcecode.c.h; path = AppDelegate.h; sourceTree = "<group>"; };
		F3EDF6DE1D48DF9D00DDB53B /* AppDelegate.m */ = {isa = PBXFileReference; lastKnownFileType = sourcecode.c.objc; path = AppDelegate.m; sourceTree = "<group>"; };
		F3EDF6E01D48DF9D00DDB53B /* ViewController.h */ = {isa = PBXFileReference; lastKnownFileType = sourcecode.c.h; path = ViewController.h; sourceTree = "<group>"; };
		F3EDF6E11D48DF9D00DDB53B /* ViewController.m */ = {isa = PBXFileReference; lastKnownFileType = sourcecode.c.objc; path = ViewController.m; sourceTree = "<group>"; };
		F3EDF6E41D48DF9D00DDB53B /* Base */ = {isa = PBXFileReference; lastKnownFileType = file.storyboard; name = Base; path = Base.lproj/Main.storyboard; sourceTree = "<group>"; };
		F3EDF6E61D48DF9D00DDB53B /* Assets.xcassets */ = {isa = PBXFileReference; lastKnownFileType = folder.assetcatalog; path = Assets.xcassets; sourceTree = "<group>"; };
		F3EDF6E91D48DF9D00DDB53B /* Base */ = {isa = PBXFileReference; lastKnownFileType = file.storyboard; name = Base; path = Base.lproj/LaunchScreen.storyboard; sourceTree = "<group>"; };
		F3EDF6EB1D48DF9D00DDB53B /* Info.plist */ = {isa = PBXFileReference; lastKnownFileType = text.plist.xml; path = Info.plist; sourceTree = "<group>"; };
		F3EDF6F11D48E32D00DDB53B /* UIViewControllerA.h */ = {isa = PBXFileReference; fileEncoding = 4; lastKnownFileType = sourcecode.c.h; path = UIViewControllerA.h; sourceTree = "<group>"; };
		F3EDF6F21D48E32D00DDB53B /* UIViewControllerA.m */ = {isa = PBXFileReference; fileEncoding = 4; lastKnownFileType = sourcecode.c.objc; path = UIViewControllerA.m; sourceTree = "<group>"; };
		F3EDF6F41D48E34C00DDB53B /* UIViewControllerB.h */ = {isa = PBXFileReference; fileEncoding = 4; lastKnownFileType = sourcecode.c.h; path = UIViewControllerB.h; sourceTree = "<group>"; };
		F3EDF6F51D48E34C00DDB53B /* UIViewControllerB.m */ = {isa = PBXFileReference; fileEncoding = 4; lastKnownFileType = sourcecode.c.objc; path = UIViewControllerB.m; sourceTree = "<group>"; };
		F3EDF6F71D48E35500DDB53B /* UIViewControllerC.h */ = {isa = PBXFileReference; fileEncoding = 4; lastKnownFileType = sourcecode.c.h; path = UIViewControllerC.h; sourceTree = "<group>"; };
		F3EDF6F81D48E35500DDB53B /* UIViewControllerC.m */ = {isa = PBXFileReference; fileEncoding = 4; lastKnownFileType = sourcecode.c.objc; path = UIViewControllerC.m; sourceTree = "<group>"; };
/* End PBXFileReference section */

/* Begin PBXFrameworksBuildPhase section */
		F3EDF6D41D48DF9C00DDB53B /* Frameworks */ = {
			isa = PBXFrameworksBuildPhase;
			buildActionMask = 2147483647;
			files = (
			);
			runOnlyForDeploymentPostprocessing = 0;
		};
/* End PBXFrameworksBuildPhase section */

/* Begin PBXGroup section */
		F3EDF6CE1D48DF9C00DDB53B = {
			isa = PBXGroup;
			children = (
				F3EDF6D91D48DF9C00DDB53B /* UINavigationSetViewControllersBug */,
				F3EDF6D81D48DF9C00DDB53B /* Products */,
			);
			sourceTree = "<group>";
		};
		F3EDF6D81D48DF9C00DDB53B /* Products */ = {
			isa = PBXGroup;
			children = (
				F3EDF6D71D48DF9C00DDB53B /* UINavigationSetViewControllersBug.app */,
			);
			name = Products;
			sourceTree = "<group>";
		};
		F3EDF6D91D48DF9C00DDB53B /* UINavigationSetViewControllersBug */ = {
			isa = PBXGroup;
			children = (
				F3EDF6DD1D48DF9C00DDB53B /* AppDelegate.h */,
				F3EDF6DE1D48DF9D00DDB53B /* AppDelegate.m */,
				F3EDF6E01D48DF9D00DDB53B /* ViewController.h */,
				F3EDF6E11D48DF9D00DDB53B /* ViewController.m */,
				F3EDF6E31D48DF9D00DDB53B /* Main.storyboard */,
				F3EDF6E61D48DF9D00DDB53B /* Assets.xcassets */,
				F3EDF6E81D48DF9D00DDB53B /* LaunchScreen.storyboard */,
				F3EDF6EB1D48DF9D00DDB53B /* Info.plist */,
				F3EDF6DA1D48DF9C00DDB53B /* Supporting Files */,
				F3EDF6F11D48E32D00DDB53B /* UIViewControllerA.h */,
				F3EDF6F21D48E32D00DDB53B /* UIViewControllerA.m */,
				F3EDF6F41D48E34C00DDB53B /* UIViewControllerB.h */,
				F3EDF6F51D48E34C00DDB53B /* UIViewControllerB.m */,
				F3EDF6F71D48E35500DDB53B /* UIViewControllerC.h */,
				F3EDF6F81D48E35500DDB53B /* UIViewControllerC.m */,
			);
			path = UINavigationSetViewControllersBug;
			sourceTree = "<group>";
		};
		F3EDF6DA1D48DF9C00DDB53B /* Supporting Files */ = {
			isa = PBXGroup;
			children = (
				F3EDF6DB1D48DF9C00DDB53B /* main.m */,
			);
			name = "Supporting Files";
			sourceTree = "<group>";
		};
/* End PBXGroup section */

/* Begin PBXNativeTarget section */
		F3EDF6D61D48DF9C00DDB53B /* UINavigationSetViewControllersBug */ = {
			isa = PBXNativeTarget;
			buildConfigurationList = F3EDF6EE1D48DF9D00DDB53B /* Build configuration list for PBXNativeTarget "UINavigationSetViewControllersBug" */;
			buildPhases = (
				F3EDF6D31D48DF9C00DDB53B /* Sources */,
				F3EDF6D41D48DF9C00DDB53B /* Frameworks */,
				F3EDF6D51D48DF9C00DDB53B /* Resources */,
			);
			buildRules = (
			);
			dependencies = (
			);
			name = UINavigationSetViewControllersBug;
			productName = UINavigationSetViewControllersBug;
			productReference = F3EDF6D71D48DF9C00DDB53B /* UINavigationSetViewControllersBug.app */;
			productType = "com.apple.product-type.application";
		};
/* End PBXNativeTarget section */

/* Begin PBXProject section */
		F3EDF6CF1D48DF9C00DDB53B /* Project object */ = {
			isa = PBXProject;
			attributes = {
				LastUpgradeCheck = 0730;
				ORGANIZATIONNAME = leikun;
				TargetAttributes = {
					F3EDF6D61D48DF9C00DDB53B = {
						CreatedOnToolsVersion = 7.3;
					};
				};
			};
			buildConfigurationList = F3EDF6D21D48DF9C00DDB53B /* Build configuration list for PBXProject "UINavigationSetViewControllersBug" */;
			compatibilityVersion = "Xcode 3.2";
			developmentRegion = English;
			hasScannedForEncodings = 0;
			knownRegions = (
				en,
				Base,
			);
			mainGroup = F3EDF6CE1D48DF9C00DDB53B;
			productRefGroup = F3EDF6D81D48DF9C00DDB53B /* Products */;
			projectDirPath = "";
			projectRoot = "";
			targets = (
				F3EDF6D61D48DF9C00DDB53B /* UINavigationSetViewControllersBug */,
			);
		};
/* End PBXProject section */

/* Begin PBXResourcesBuildPhase section */
		F3EDF6D51D48DF9C00DDB53B /* Resources */ = {
			isa = PBXResourcesBuildPhase;
			buildActionMask = 2147483647;
			files = (
				F3EDF6EA1D48DF9D00DDB53B /* LaunchScreen.storyboard in Resources */,
				F3EDF6E71D48DF9D00DDB53B /* Assets.xcassets in Resources */,
				F3EDF6E51D48DF9D00DDB53B /* Main.storyboard in Resources */,
			);
			runOnlyForDeploymentPostprocessing = 0;
		};
/* End PBXResourcesBuildPhase section */

/* Begin PBXSourcesBuildPhase section */
		F3EDF6D31D48DF9C00DDB53B /* Sources */ = {
			isa = PBXSourcesBuildPhase;
			buildActionMask = 2147483647;
			files = (
				F3EDF6F91D48E35500DDB53B /* UIViewControllerC.m in Sources */,
				F3EDF6F31D48E32D00DDB53B /* UIViewControllerA.m in Sources */,
				F3EDF6E21D48DF9D00DDB53B /* ViewController.m in Sources */,
				F3EDF6F61D48E34C00DDB53B /* UIViewControllerB.m in Sources */,
				F3EDF6DF1D48DF9D00DDB53B /* AppDelegate.m in Sources */,
				F3EDF6DC1D48DF9C00DDB53B /* main.m in Sources */,
			);
			runOnlyForDeploymentPostprocessing = 0;
		};
/* End PBXSourcesBuildPhase section */

/* Begin PBXVariantGroup section */
		F3EDF6E31D48DF9D00DDB53B /* Main.storyboard */ = {
			isa = PBXVariantGroup;
			children = (
				F3EDF6E41D48DF9D00DDB53B /* Base */,
			);
			name = Main.storyboard;
			sourceTree = "<group>";
		};
		F3EDF6E81D48DF9D00DDB53B /* LaunchScreen.storyboard */ = {
			isa = PBXVariantGroup;
			children = (
				F3EDF6E91D48DF9D00DDB53B /* Base */,
			);
			name = LaunchScreen.storyboard;
			sourceTree = "<group>";
		};
/* End PBXVariantGroup section */

/* Begin XCBuildConfiguration section */
		F3EDF6EC1D48DF9D00DDB53B /* Debug */ = {
			isa = XCBuildConfiguration;
			buildSettings = {
				ALWAYS_SEARCH_USER_PATHS = NO;
				CLANG_ANALYZER_NONNULL = YES;
				CLANG_CXX_LANGUAGE_STANDARD = "gnu++0x";
				CLANG_CXX_LIBRARY = "libc++";
				CLANG_ENABLE_MODULES = YES;
				CLANG_ENABLE_OBJC_ARC = YES;
				CLANG_WARN_BOOL_CONVERSION = YES;
				CLANG_WARN_CONSTANT_CONVERSION = YES;
				CLANG_WARN_DIRECT_OBJC_ISA_USAGE = YES_ERROR;
				CLANG_WARN_EMPTY_BODY = YES;
				CLANG_WARN_ENUM_CONVERSION = YES;
				CLANG_WARN_INT_CONVERSION = YES;
				CLANG_WARN_OBJC_ROOT_CLASS = YES_ERROR;
				CLANG_WARN_UNREACHABLE_CODE = YES;
				CLANG_WARN__DUPLICATE_METHOD_MATCH = YES;
				"CODE_SIGN_IDENTITY[sdk=iphoneos*]" = "iPhone Developer";
				COPY_PHASE_STRIP = NO;
				DEBUG_INFORMATION_FORMAT = dwarf;
				ENABLE_STRICT_OBJC_MSGSEND = YES;
				ENABLE_TESTABILITY = YES;
				GCC_C_LANGUAGE_STANDARD = gnu99;
				GCC_DYNAMIC_NO_PIC = NO;
				GCC_NO_COMMON_BLOCKS = YES;
				GCC_OPTIMIZATION_LEVEL = 0;
				GCC_PREPROCESSOR_DEFINITIONS = (
					"DEBUG=1",
					"$(inherited)",
				);
				GCC_WARN_64_TO_32_BIT_CONVERSION = YES;
				GCC_WARN_ABOUT_RETURN_TYPE = YES_ERROR;
				GCC_WARN_UNDECLARED_SELECTOR = YES;
				GCC_WARN_UNINITIALIZED_AUTOS = YES_AGGRESSIVE;
				GCC_WARN_UNUSED_FUNCTION = YES;
				GCC_WARN_UNUSED_VARIABLE = YES;
				IPHONEOS_DEPLOYMENT_TARGET = 9.3;
				MTL_ENABLE_DEBUG_INFO = YES;
				ONLY_ACTIVE_ARCH = YES;
				SDKROOT = iphoneos;
				TARGETED_DEVICE_FAMILY = "1,2";
			};
			name = Debug;
		};
		F3EDF6ED1D48DF9D00DDB53B /* Release */ = {
			isa = XCBuildConfiguration;
			buildSettings = {
				ALWAYS_SEARCH_USER_PATHS = NO;
				CLANG_ANALYZER_NONNULL = YES;
				CLANG_CXX_LANGUAGE_STANDARD = "gnu++0x";
				CLANG_CXX_LIBRARY = "libc++";
				CLANG_ENABLE_MODULES = YES;
				CLANG_ENABLE_OBJC_ARC = YES;
				CLANG_WARN_BOOL_CONVERSION = YES;
				CLANG_WARN_CONSTANT_CONVERSION = YES;
				CLANG_WARN_DIRECT_OBJC_ISA_USAGE = YES_ERROR;
				CLANG_WARN_EMPTY_BODY = YES;
				CLANG_WARN_ENUM_CONVERSION = YES;
				CLANG_WARN_INT_CONVERSION = YES;
				CLANG_WARN_OBJC_ROOT_CLASS = YES_ERROR;
				CLANG_WARN_UNREACHABLE_CODE = YES;
				CLANG_WARN__DUPLICATE_METHOD_MATCH = YES;
				"CODE_SIGN_IDENTITY[sdk=iphoneos*]" = "iPhone Developer";
				COPY_PHASE_STRIP = NO;
				DEBUG_INFORMATION_FORMAT = "dwarf-with-dsym";
				ENABLE_NS_ASSERTIONS = NO;
				ENABLE_STRICT_OBJC_MSGSEND = YES;
				GCC_C_LANGUAGE_STANDARD = gnu99;
				GCC_NO_COMMON_BLOCKS = YES;
				GCC_WARN_64_TO_32_BIT_CONVERSION = YES;
				GCC_WARN_ABOUT_RETURN_TYPE = YES_ERROR;
				GCC_WARN_UNDECLARED_SELECTOR = YES;
				GCC_WARN_UNINITIALIZED_AUTOS = YES_AGGRESSIVE;
				GCC_WARN_UNUSED_FUNCTION = YES;
				GCC_WARN_UNUSED_VARIABLE = YES;
				IPHONEOS_DEPLOYMENT_TARGET = 9.3;
				MTL_ENABLE_DEBUG_INFO = NO;
				SDKROOT = iphoneos;
				TARGETED_DEVICE_FAMILY = "1,2";
				VALIDATE_PRODUCT = YES;
			};
			name = Release;
		};
		F3EDF6EF1D48DF9D00DDB53B /* Debug */ = {
			isa = XCBuildConfiguration;
			buildSettings = {
				ASSETCATALOG_COMPILER_APPICON_NAME = AppIcon;
				INFOPLIST_FILE = UINavigationSetViewControllersBug/Info.plist;
				IPHONEOS_DEPLOYMENT_TARGET = 7.0;
				LD_RUNPATH_SEARCH_PATHS = "$(inherited) @executable_path/Frameworks";
				PRODUCT_BUNDLE_IDENTIFIER = d.netease.UINavigationSetViewControllersBug;
				PRODUCT_NAME = "$(TARGET_NAME)";
			};
			name = Debug;
		};
		F3EDF6F01D48DF9D00DDB53B /* Release */ = {
			isa = XCBuildConfiguration;
			buildSettings = {
				ASSETCATALOG_COMPILER_APPICON_NAME = AppIcon;
				INFOPLIST_FILE = UINavigationSetViewControllersBug/Info.plist;
				IPHONEOS_DEPLOYMENT_TARGET = 7.0;
				LD_RUNPATH_SEARCH_PATHS = "$(inherited) @executable_path/Frameworks";
				PRODUCT_BUNDLE_IDENTIFIER = d.netease.UINavigationSetViewControllersBug;
				PRODUCT_NAME = "$(TARGET_NAME)";
			};
			name = Release;
		};
/* End XCBuildConfiguration section */

/* Begin XCConfigurationList section */
		F3EDF6D21D48DF9C00DDB53B /* Build configuration list for PBXProject "UINavigationSetViewControllersBug" */ = {
			isa = XCConfigurationList;
			buildConfigurations = (
				F3EDF6EC1D48DF9D00DDB53B /* Debug */,
				F3EDF6ED1D48DF9D00DDB53B /* Release */,
			);
			defaultConfigurationIsVisible = 0;
			defaultConfigurationName = Release;
		};
		F3EDF6EE1D48DF9D00DDB53B /* Build configuration list for PBXNativeTarget "UINavigationSetViewControllersBug" */ = {
			isa = XCConfigurationList;
			buildConfigurations = (
				F3EDF6EF1D48DF9D00DDB53B /* Debug */,
				F3EDF6F01D48DF9D00DDB53B /* Release */,
			);
			defaultConfigurationIsVisible = 0;
		};
/* End XCConfigurationList section */
	};
	rootObject = F3EDF6CF1D48DF9C00DDB53B /* Project object */;
}
